# THIS IS AN AUTOGENERATED FILE. DO NOT EDIT THIS FILE DIRECTLY.
# yarn lockfile v1


uvwlib@^0.0.2:
  version "0.0.2"
  resolved "https://registry.yarnpkg.com/uvwlib/-/uvwlib-0.0.2.tgz#bda90d090626dae1fada472aba1bb873da3ff564"

xbarlib@^0.0.1:
  version "0.0.1"
  resolved "https://registry.yarnpkg.com/xbarlib/-/xbarlib-0.0.1.tgz#859d9ab1e5496ab78ee28b74db6277f867be0fae"
  dependencies:
    uvwlib "^0.0.2"
